
Microsoft Visual Studio Solution File, Format Version 12.00
# Visual Studio Version 17
VisualStudioVersion = 17.11.35222.181
MinimumVisualStudioVersion = 10.0.40219.1
Project("{FAE04EC0-301F-11D3-BF4B-00C04F79EFBC}") = "Main_Subjects", "01_Main_Subjects\Main_Subjects.csproj", "{F5C328E1-C3DA-4BF1-9E29-E57B9AD51E51}"
EndProject
Global
	GlobalSection(SolutionConfigurationPlatforms) = preSolution
		Debug|Any CPU = Debug|Any CPU
		Release|Any CPU = Release|Any CPU
	EndGlobalSection
	GlobalSection(ProjectConfigurationPlatforms) = postSolution
		{F5C328E1-C3DA-4BF1-9E29-E57B9AD51E51}.Debug|Any CPU.ActiveCfg = Debug|Any CPU
		{F5C328E1-C3DA-4BF1-9E29-E57B9AD51E51}.Debug|Any CPU.Build.0 = Debug|Any CPU
		{F5C328E1-C3DA-4BF1-9E29-E57B9AD51E51}.Release|Any CPU.ActiveCfg = Release|Any CPU
		{F5C328E1-C3DA-4BF1-9E29-E57B9AD51E51}.Release|Any CPU.Build.0 = Release|Any CPU
	EndGlobalSection
	GlobalSection(SolutionProperties) = preSolution
		HideSolutionNode = FALSE
	EndGlobalSection
	GlobalSection(ExtensibilityGlobals) = postSolution
		SolutionGuid = {D013BCBE-5E29-42DD-8408-D2811D25CC74}
	EndGlobalSection
EndGlobal
